<Solution>
  <Project Path="Ejercicio03/Ejercicio03.csproj" />
  <Project Path="Ejercicio04/Ejercicio04.csproj" Id="2c5d0b3c-68ad-4a5a-9c0b-c6a74d503ff8" />
  <Project Path="Ejercicio05/Ejercicio05.csproj" Id="ade250fb-1477-4c94-97d2-0995473c0ff7" />
  <Project Path="Ejercicio07/Ejercicio07.csproj" Id="655da882-3b72-4aac-b2be-edcb2b7024f0" />
  <Project Path="Ejercicio08/Ejercicio08.csproj" Id="60262249-a325-4987-8fb2-95b99d3ca99d" />
  <Project Path="Ejercicio09/Ejercicio09.csproj" Id="3aeb3460-eadf-4278-849a-2a85f0b681da" />
  <Project Path="Ejercicio10/Ejercicio10.csproj" Id="30ac51b0-9d74-4cca-b247-ff1d8ec982dd" />
  <Project Path="Ejercicio6/Ejercicio6.csproj" Id="1b84c87d-f516-4896-8309-15597cdfc2e2" />
  <Project Path="Ejercicios01-02/Ejercicios.csproj" />
</Solution>
