<Solution>
  <Project Path="Ejercicio03/Ejercicio03.csproj" />
  <Project Path="Ejercicio04/Ejercicio04.csproj" Id="2c5d0b3c-68ad-4a5a-9c0b-c6a74d503ff8" />
  <Project Path="Ejercicio05/Ejercicio05.csproj" Id="ade250fb-1477-4c94-97d2-0995473c0ff7" />
  <Project Path="Ejercicio07/Ejercicio07.csproj" Id="655da882-3b72-4aac-b2be-edcb2b7024f0" />
  <Project Path="Ejercicio6/Ejercicio6.csproj" Id="1b84c87d-f516-4896-8309-15597cdfc2e2" />
  <Project Path="Ejercicios01-02/Ejercicios.csproj" />
</Solution>
